
Microsoft Visual Studio Solution File, Format Version 12.00
# Visual Studio Version 17
VisualStudioVersion = 17.5.33516.290
MinimumVisualStudioVersion = 10.0.40219.1
Project("{8BC9CEB8-8B4A-11D0-8D11-00A0C91BC942}") = "libcef_dll_wrapper", "..\third_party\cef\109.0.5414.120\x86\build\libcef_dll_wrapper\libcef_dll_wrapper.vcxproj", "{F032C755-AD29-368B-8026-6007264A43F5}"
EndProject
Global
	GlobalSection(SolutionConfigurationPlatforms) = preSolution
		Debug|x86 = Debug|x86
		Release|x86 = Release|x86
	EndGlobalSection
	GlobalSection(ProjectConfigurationPlatforms) = postSolution
		{F032C755-AD29-368B-8026-6007264A43F5}.Debug|x86.ActiveCfg = Debug|Win32
		{F032C755-AD29-368B-8026-6007264A43F5}.Debug|x86.Build.0 = Debug|Win32
		{F032C755-AD29-368B-8026-6007264A43F5}.Release|x86.ActiveCfg = Release|Win32
		{F032C755-AD29-368B-8026-6007264A43F5}.Release|x86.Build.0 = Release|Win32
	EndGlobalSection
	GlobalSection(SolutionProperties) = preSolution
		HideSolutionNode = FALSE
	EndGlobalSection
	GlobalSection(ExtensibilityGlobals) = postSolution
		SolutionGuid = {65C6D75E-D80B-4A0D-8273-7800036D7410}
	EndGlobalSection
EndGlobal
