
Microsoft Visual Studio Solution File, Format Version 12.00
# Visual Studio Version 17
VisualStudioVersion = 17.5.33516.290
MinimumVisualStudioVersion = 10.0.40219.1
Project("{8BC9CEB8-8B4A-11D0-8D11-00A0C91BC942}") = "glfw", "..\third_party\glfw\build\glfw.vcxproj", "{FBCC4EC2-947F-3F34-932D-2E4B60FC2399}"
EndProject
Project("{8BC9CEB8-8B4A-11D0-8D11-00A0C91BC942}") = "glad", "..\third_party\glad\build\glad.vcxproj", "{1B5D44D3-0D69-444B-933B-53152E63645F}"
EndProject
Project("{8BC9CEB8-8B4A-11D0-8D11-00A0C91BC942}") = "freeglut", "..\third_party\freeglut\build\freeglut.vcxproj", "{EB3E8DF9-C937-31F3-9368-3F6C067DBFF9}"
EndProject
Project("{8BC9CEB8-8B4A-11D0-8D11-00A0C91BC942}") = "libzip-1.7.3", "..\third_party\libzip-1.7.3\build\lib\libzip-1.7.3.vcxproj", "{DA7634E8-2776-31F3-957C-D51B70BB6C67}"
EndProject
Project("{8BC9CEB8-8B4A-11D0-8D11-00A0C91BC942}") = "zlib-1.2.11", "..\third_party\zlib-1.2.11\build\zlib-1.2.11.vcxproj", "{2126E8F0-EA74-3D9F-9E88-0075EC0DA387}"
EndProject
Project("{8BC9CEB8-8B4A-11D0-8D11-00A0C91BC942}") = "libzippp", "..\third_party\libzippp\build\libzippp.vcxproj", "{CC0B60F6-440C-4C75-858F-2E006DBD04AB}"
EndProject
Project("{8BC9CEB8-8B4A-11D0-8D11-00A0C91BC942}") = "imgui", "..\third_party\imgui\build\imgui.vcxproj", "{2BA99D83-BB36-4B76-9B1A-5505694F17B8}"
EndProject
Project("{8BC9CEB8-8B4A-11D0-8D11-00A0C91BC942}") = "sqlite3", "..\third_party\sqlite3\build\sqlite3.vcxproj", "{961A9D9F-7FEC-4566-B2FA-A3C4F70079C5}"
EndProject
Project("{8BC9CEB8-8B4A-11D0-8D11-00A0C91BC942}") = "libuv-1.44.2", "..\third_party\libuv-1.44.2\build\libuv-1.44.2.vcxproj", "{77A9CB49-8EF5-305E-B8F2-B913FD58AFC2}"
EndProject
Project("{8BC9CEB8-8B4A-11D0-8D11-00A0C91BC942}") = "uvcpp", "..\third_party\uv-cpp\build\uvpp.vcxproj", "{D7782A2D-0176-4E67-832E-02D106CAD71D}"
EndProject
Project("{8BC9CEB8-8B4A-11D0-8D11-00A0C91BC942}") = "http-parser", "..\third_party\http-parser\build\http-parser.vcxproj", "{09BBBB4C-D462-4940-AC43-A39FA6735A5F}"
EndProject
Project("{8BC9CEB8-8B4A-11D0-8D11-00A0C91BC942}") = "cjson", "..\third_party\cJSON\build\cjson.vcxproj", "{748935D3-B36F-4255-ADC5-BCB0805524A4}"
EndProject
Project("{8BC9CEB8-8B4A-11D0-8D11-00A0C91BC942}") = "Detours", "..\third_party\Detours-3.3.9\build\Detours.vcxproj", "{E666EB3C-BD97-4CFA-B8CD-9051DEF74E19}"
EndProject
Project("{8BC9CEB8-8B4A-11D0-8D11-00A0C91BC942}") = "libcef_dll_wrapper", "..\third_party\cef\109.0.5414.120\x64\build\libcef_dll_wrapper\libcef_dll_wrapper.vcxproj", "{9866040D-F509-30BD-979E-41FE1D08020F}"
EndProject
Project("{8BC9CEB8-8B4A-11D0-8D11-00A0C91BC942}") = "libcurl_zlib_ssl3-7.85.0", "..\third_party\curl-7.85.0\projects\Windows\VC17.3.5\lib\libcurl_zlib_ssl3-7.85.0.vcxproj", "{E369257D-A0D3-4D84-8163-EE12C02A942A}"
EndProject
Project("{8BC9CEB8-8B4A-11D0-8D11-00A0C91BC942}") = "curlpp-0.8.1", "..\third_party\curlpp-0.8.1\build\curlpp-0.8.1.vcxproj", "{CC853CF8-008B-4BBD-A627-F42FBBD72E83}"
EndProject
Global
	GlobalSection(SolutionConfigurationPlatforms) = preSolution
		Debug|Win32 = Debug|Win32
		Debug|x64 = Debug|x64
		Release|Win32 = Release|Win32
		Release|x64 = Release|x64
	EndGlobalSection
	GlobalSection(ProjectConfigurationPlatforms) = postSolution
		{FBCC4EC2-947F-3F34-932D-2E4B60FC2399}.Debug|Win32.ActiveCfg = Debug|Win32
		{FBCC4EC2-947F-3F34-932D-2E4B60FC2399}.Debug|Win32.Build.0 = Debug|Win32
		{FBCC4EC2-947F-3F34-932D-2E4B60FC2399}.Debug|x64.ActiveCfg = Debug|x64
		{FBCC4EC2-947F-3F34-932D-2E4B60FC2399}.Debug|x64.Build.0 = Debug|x64
		{FBCC4EC2-947F-3F34-932D-2E4B60FC2399}.Release|Win32.ActiveCfg = Release|Win32
		{FBCC4EC2-947F-3F34-932D-2E4B60FC2399}.Release|Win32.Build.0 = Release|Win32
		{FBCC4EC2-947F-3F34-932D-2E4B60FC2399}.Release|x64.ActiveCfg = Release|x64
		{FBCC4EC2-947F-3F34-932D-2E4B60FC2399}.Release|x64.Build.0 = Release|x64
		{1B5D44D3-0D69-444B-933B-53152E63645F}.Debug|Win32.ActiveCfg = Debug|Win32
		{1B5D44D3-0D69-444B-933B-53152E63645F}.Debug|Win32.Build.0 = Debug|Win32
		{1B5D44D3-0D69-444B-933B-53152E63645F}.Debug|x64.ActiveCfg = Debug|x64
		{1B5D44D3-0D69-444B-933B-53152E63645F}.Debug|x64.Build.0 = Debug|x64
		{1B5D44D3-0D69-444B-933B-53152E63645F}.Release|Win32.ActiveCfg = Release|Win32
		{1B5D44D3-0D69-444B-933B-53152E63645F}.Release|Win32.Build.0 = Release|Win32
		{1B5D44D3-0D69-444B-933B-53152E63645F}.Release|x64.ActiveCfg = Release|x64
		{1B5D44D3-0D69-444B-933B-53152E63645F}.Release|x64.Build.0 = Release|x64
		{EB3E8DF9-C937-31F3-9368-3F6C067DBFF9}.Debug|Win32.ActiveCfg = Debug|Win32
		{EB3E8DF9-C937-31F3-9368-3F6C067DBFF9}.Debug|Win32.Build.0 = Debug|Win32
		{EB3E8DF9-C937-31F3-9368-3F6C067DBFF9}.Debug|x64.ActiveCfg = Debug|x64
		{EB3E8DF9-C937-31F3-9368-3F6C067DBFF9}.Debug|x64.Build.0 = Debug|x64
		{EB3E8DF9-C937-31F3-9368-3F6C067DBFF9}.Release|Win32.ActiveCfg = Release|Win32
		{EB3E8DF9-C937-31F3-9368-3F6C067DBFF9}.Release|Win32.Build.0 = Release|Win32
		{EB3E8DF9-C937-31F3-9368-3F6C067DBFF9}.Release|x64.ActiveCfg = Release|x64
		{EB3E8DF9-C937-31F3-9368-3F6C067DBFF9}.Release|x64.Build.0 = Release|x64
		{DA7634E8-2776-31F3-957C-D51B70BB6C67}.Debug|Win32.ActiveCfg = Debug|Win32
		{DA7634E8-2776-31F3-957C-D51B70BB6C67}.Debug|Win32.Build.0 = Debug|Win32
		{DA7634E8-2776-31F3-957C-D51B70BB6C67}.Debug|x64.ActiveCfg = Debug|x64
		{DA7634E8-2776-31F3-957C-D51B70BB6C67}.Debug|x64.Build.0 = Debug|x64
		{DA7634E8-2776-31F3-957C-D51B70BB6C67}.Release|Win32.ActiveCfg = Release|Win32
		{DA7634E8-2776-31F3-957C-D51B70BB6C67}.Release|Win32.Build.0 = Release|Win32
		{DA7634E8-2776-31F3-957C-D51B70BB6C67}.Release|x64.ActiveCfg = Release|x64
		{DA7634E8-2776-31F3-957C-D51B70BB6C67}.Release|x64.Build.0 = Release|x64
		{2126E8F0-EA74-3D9F-9E88-0075EC0DA387}.Debug|Win32.ActiveCfg = Debug|Win32
		{2126E8F0-EA74-3D9F-9E88-0075EC0DA387}.Debug|Win32.Build.0 = Debug|Win32
		{2126E8F0-EA74-3D9F-9E88-0075EC0DA387}.Debug|x64.ActiveCfg = Debug|x64
		{2126E8F0-EA74-3D9F-9E88-0075EC0DA387}.Debug|x64.Build.0 = Debug|x64
		{2126E8F0-EA74-3D9F-9E88-0075EC0DA387}.Release|Win32.ActiveCfg = Release|Win32
		{2126E8F0-EA74-3D9F-9E88-0075EC0DA387}.Release|Win32.Build.0 = Release|Win32
		{2126E8F0-EA74-3D9F-9E88-0075EC0DA387}.Release|x64.ActiveCfg = Release|x64
		{2126E8F0-EA74-3D9F-9E88-0075EC0DA387}.Release|x64.Build.0 = Release|x64
		{CC0B60F6-440C-4C75-858F-2E006DBD04AB}.Debug|Win32.ActiveCfg = Debug|Win32
		{CC0B60F6-440C-4C75-858F-2E006DBD04AB}.Debug|Win32.Build.0 = Debug|Win32
		{CC0B60F6-440C-4C75-858F-2E006DBD04AB}.Debug|x64.ActiveCfg = Debug|x64
		{CC0B60F6-440C-4C75-858F-2E006DBD04AB}.Debug|x64.Build.0 = Debug|x64
		{CC0B60F6-440C-4C75-858F-2E006DBD04AB}.Release|Win32.ActiveCfg = Release|Win32
		{CC0B60F6-440C-4C75-858F-2E006DBD04AB}.Release|Win32.Build.0 = Release|Win32
		{CC0B60F6-440C-4C75-858F-2E006DBD04AB}.Release|x64.ActiveCfg = Release|x64
		{CC0B60F6-440C-4C75-858F-2E006DBD04AB}.Release|x64.Build.0 = Release|x64
		{2BA99D83-BB36-4B76-9B1A-5505694F17B8}.Debug|Win32.ActiveCfg = Debug|Win32
		{2BA99D83-BB36-4B76-9B1A-5505694F17B8}.Debug|Win32.Build.0 = Debug|Win32
		{2BA99D83-BB36-4B76-9B1A-5505694F17B8}.Debug|x64.ActiveCfg = Debug|x64
		{2BA99D83-BB36-4B76-9B1A-5505694F17B8}.Debug|x64.Build.0 = Debug|x64
		{2BA99D83-BB36-4B76-9B1A-5505694F17B8}.Release|Win32.ActiveCfg = Release|Win32
		{2BA99D83-BB36-4B76-9B1A-5505694F17B8}.Release|Win32.Build.0 = Release|Win32
		{2BA99D83-BB36-4B76-9B1A-5505694F17B8}.Release|x64.ActiveCfg = Release|x64
		{2BA99D83-BB36-4B76-9B1A-5505694F17B8}.Release|x64.Build.0 = Release|x64
		{961A9D9F-7FEC-4566-B2FA-A3C4F70079C5}.Debug|Win32.ActiveCfg = Debug|Win32
		{961A9D9F-7FEC-4566-B2FA-A3C4F70079C5}.Debug|Win32.Build.0 = Debug|Win32
		{961A9D9F-7FEC-4566-B2FA-A3C4F70079C5}.Debug|x64.ActiveCfg = Debug|x64
		{961A9D9F-7FEC-4566-B2FA-A3C4F70079C5}.Debug|x64.Build.0 = Debug|x64
		{961A9D9F-7FEC-4566-B2FA-A3C4F70079C5}.Release|Win32.ActiveCfg = Release|Win32
		{961A9D9F-7FEC-4566-B2FA-A3C4F70079C5}.Release|Win32.Build.0 = Release|Win32
		{961A9D9F-7FEC-4566-B2FA-A3C4F70079C5}.Release|x64.ActiveCfg = Release|x64
		{961A9D9F-7FEC-4566-B2FA-A3C4F70079C5}.Release|x64.Build.0 = Release|x64
		{77A9CB49-8EF5-305E-B8F2-B913FD58AFC2}.Debug|Win32.ActiveCfg = Debug|Win32
		{77A9CB49-8EF5-305E-B8F2-B913FD58AFC2}.Debug|Win32.Build.0 = Debug|Win32
		{77A9CB49-8EF5-305E-B8F2-B913FD58AFC2}.Debug|x64.ActiveCfg = Debug|x64
		{77A9CB49-8EF5-305E-B8F2-B913FD58AFC2}.Debug|x64.Build.0 = Debug|x64
		{77A9CB49-8EF5-305E-B8F2-B913FD58AFC2}.Release|Win32.ActiveCfg = Release|Win32
		{77A9CB49-8EF5-305E-B8F2-B913FD58AFC2}.Release|Win32.Build.0 = Release|Win32
		{77A9CB49-8EF5-305E-B8F2-B913FD58AFC2}.Release|x64.ActiveCfg = Release|x64
		{77A9CB49-8EF5-305E-B8F2-B913FD58AFC2}.Release|x64.Build.0 = Release|x64
		{D7782A2D-0176-4E67-832E-02D106CAD71D}.Debug|Win32.ActiveCfg = Debug|Win32
		{D7782A2D-0176-4E67-832E-02D106CAD71D}.Debug|Win32.Build.0 = Debug|Win32
		{D7782A2D-0176-4E67-832E-02D106CAD71D}.Debug|x64.ActiveCfg = Debug|x64
		{D7782A2D-0176-4E67-832E-02D106CAD71D}.Debug|x64.Build.0 = Debug|x64
		{D7782A2D-0176-4E67-832E-02D106CAD71D}.Release|Win32.ActiveCfg = Release|Win32
		{D7782A2D-0176-4E67-832E-02D106CAD71D}.Release|Win32.Build.0 = Release|Win32
		{D7782A2D-0176-4E67-832E-02D106CAD71D}.Release|x64.ActiveCfg = Release|x64
		{D7782A2D-0176-4E67-832E-02D106CAD71D}.Release|x64.Build.0 = Release|x64
		{09BBBB4C-D462-4940-AC43-A39FA6735A5F}.Debug|Win32.ActiveCfg = Debug|Win32
		{09BBBB4C-D462-4940-AC43-A39FA6735A5F}.Debug|Win32.Build.0 = Debug|Win32
		{09BBBB4C-D462-4940-AC43-A39FA6735A5F}.Debug|x64.ActiveCfg = Debug|x64
		{09BBBB4C-D462-4940-AC43-A39FA6735A5F}.Debug|x64.Build.0 = Debug|x64
		{09BBBB4C-D462-4940-AC43-A39FA6735A5F}.Release|Win32.ActiveCfg = Release|Win32
		{09BBBB4C-D462-4940-AC43-A39FA6735A5F}.Release|Win32.Build.0 = Release|Win32
		{09BBBB4C-D462-4940-AC43-A39FA6735A5F}.Release|x64.ActiveCfg = Release|x64
		{09BBBB4C-D462-4940-AC43-A39FA6735A5F}.Release|x64.Build.0 = Release|x64
		{748935D3-B36F-4255-ADC5-BCB0805524A4}.Debug|Win32.ActiveCfg = Debug|Win32
		{748935D3-B36F-4255-ADC5-BCB0805524A4}.Debug|Win32.Build.0 = Debug|Win32
		{748935D3-B36F-4255-ADC5-BCB0805524A4}.Debug|x64.ActiveCfg = Debug|x64
		{748935D3-B36F-4255-ADC5-BCB0805524A4}.Debug|x64.Build.0 = Debug|x64
		{748935D3-B36F-4255-ADC5-BCB0805524A4}.Release|Win32.ActiveCfg = Release|Win32
		{748935D3-B36F-4255-ADC5-BCB0805524A4}.Release|Win32.Build.0 = Release|Win32
		{748935D3-B36F-4255-ADC5-BCB0805524A4}.Release|x64.ActiveCfg = Release|x64
		{748935D3-B36F-4255-ADC5-BCB0805524A4}.Release|x64.Build.0 = Release|x64
		{E666EB3C-BD97-4CFA-B8CD-9051DEF74E19}.Debug|Win32.ActiveCfg = Debug|Win32
		{E666EB3C-BD97-4CFA-B8CD-9051DEF74E19}.Debug|Win32.Build.0 = Debug|Win32
		{E666EB3C-BD97-4CFA-B8CD-9051DEF74E19}.Debug|x64.ActiveCfg = Debug|x64
		{E666EB3C-BD97-4CFA-B8CD-9051DEF74E19}.Debug|x64.Build.0 = Debug|x64
		{E666EB3C-BD97-4CFA-B8CD-9051DEF74E19}.Release|Win32.ActiveCfg = Release|Win32
		{E666EB3C-BD97-4CFA-B8CD-9051DEF74E19}.Release|Win32.Build.0 = Release|Win32
		{E666EB3C-BD97-4CFA-B8CD-9051DEF74E19}.Release|x64.ActiveCfg = Release|x64
		{E666EB3C-BD97-4CFA-B8CD-9051DEF74E19}.Release|x64.Build.0 = Release|x64
		{9866040D-F509-30BD-979E-41FE1D08020F}.Debug|Win32.ActiveCfg = Debug|x64
		{9866040D-F509-30BD-979E-41FE1D08020F}.Debug|Win32.Build.0 = Debug|x64
		{9866040D-F509-30BD-979E-41FE1D08020F}.Debug|x64.ActiveCfg = Debug|x64
		{9866040D-F509-30BD-979E-41FE1D08020F}.Debug|x64.Build.0 = Debug|x64
		{9866040D-F509-30BD-979E-41FE1D08020F}.Release|Win32.ActiveCfg = Release|x64
		{9866040D-F509-30BD-979E-41FE1D08020F}.Release|Win32.Build.0 = Release|x64
		{9866040D-F509-30BD-979E-41FE1D08020F}.Release|x64.ActiveCfg = Release|x64
		{9866040D-F509-30BD-979E-41FE1D08020F}.Release|x64.Build.0 = Release|x64
		{E369257D-A0D3-4D84-8163-EE12C02A942A}.Debug|Win32.ActiveCfg = Debug|Win32
		{E369257D-A0D3-4D84-8163-EE12C02A942A}.Debug|Win32.Build.0 = Debug|Win32
		{E369257D-A0D3-4D84-8163-EE12C02A942A}.Debug|x64.ActiveCfg = Debug|x64
		{E369257D-A0D3-4D84-8163-EE12C02A942A}.Debug|x64.Build.0 = Debug|x64
		{E369257D-A0D3-4D84-8163-EE12C02A942A}.Release|Win32.ActiveCfg = Release|Win32
		{E369257D-A0D3-4D84-8163-EE12C02A942A}.Release|Win32.Build.0 = Release|Win32
		{E369257D-A0D3-4D84-8163-EE12C02A942A}.Release|x64.ActiveCfg = Release|x64
		{E369257D-A0D3-4D84-8163-EE12C02A942A}.Release|x64.Build.0 = Release|x64
		{CC853CF8-008B-4BBD-A627-F42FBBD72E83}.Debug|Win32.ActiveCfg = Debug|Win32
		{CC853CF8-008B-4BBD-A627-F42FBBD72E83}.Debug|Win32.Build.0 = Debug|Win32
		{CC853CF8-008B-4BBD-A627-F42FBBD72E83}.Debug|x64.ActiveCfg = Debug|x64
		{CC853CF8-008B-4BBD-A627-F42FBBD72E83}.Debug|x64.Build.0 = Debug|x64
		{CC853CF8-008B-4BBD-A627-F42FBBD72E83}.Release|Win32.ActiveCfg = Release|Win32
		{CC853CF8-008B-4BBD-A627-F42FBBD72E83}.Release|Win32.Build.0 = Release|Win32
		{CC853CF8-008B-4BBD-A627-F42FBBD72E83}.Release|x64.ActiveCfg = Release|x64
		{CC853CF8-008B-4BBD-A627-F42FBBD72E83}.Release|x64.Build.0 = Release|x64
	EndGlobalSection
	GlobalSection(SolutionProperties) = preSolution
		HideSolutionNode = FALSE
	EndGlobalSection
	GlobalSection(ExtensibilityGlobals) = postSolution
		SolutionGuid = {0CCCA157-8AAE-4558-A06E-C1313DAEB296}
	EndGlobalSection
EndGlobal
